
Microsoft Visual Studio Solution File, Format Version 12.00
# Visual Studio Version 17
VisualStudioVersion = 17.14.36908.2 d17.14
MinimumVisualStudioVersion = 10.0.40219.1
Project("{FAE04EC0-301F-11D3-BF4B-00C04F79EFBC}") = "SurveyBasket", "SurveyBasket.csproj", "{8DEF9A95-2289-4130-8C10-68CC8B8556C6}"
EndProject
Global
	GlobalSection(SolutionConfigurationPlatforms) = preSolution
		Debug|Any CPU = Debug|Any CPU
		Release|Any CPU = Release|Any CPU
	EndGlobalSection
	GlobalSection(ProjectConfigurationPlatforms) = postSolution
		{8DEF9A95-2289-4130-8C10-68CC8B8556C6}.Debug|Any CPU.ActiveCfg = Debug|Any CPU
		{8DEF9A95-2289-4130-8C10-68CC8B8556C6}.Debug|Any CPU.Build.0 = Debug|Any CPU
		{8DEF9A95-2289-4130-8C10-68CC8B8556C6}.Release|Any CPU.ActiveCfg = Release|Any CPU
		{8DEF9A95-2289-4130-8C10-68CC8B8556C6}.Release|Any CPU.Build.0 = Release|Any CPU
	EndGlobalSection
	GlobalSection(SolutionProperties) = preSolution
		HideSolutionNode = FALSE
	EndGlobalSection
	GlobalSection(ExtensibilityGlobals) = postSolution
		SolutionGuid = {E06DA024-B295-4966-8BB5-7E8D17B24A32}
	EndGlobalSection
EndGlobal
